{
  "name": "slippi-beamer-manager",
  "version": "0.1.0",
  "lockfileVersion": 2,
  "requires": true,
  "packages": {
    "": {
      "name": "slippi-beamer-manager",
      "version": "0.1.0",
      "hasInstallScript": true,
      "license": "MIT",
      "dependencies": {
        "@fugood/dns-sd": "^0.1.0-alpha.1"
      }
    },
    "node_modules/@fugood/dns-sd": {
      "version": "0.1.0",
      "resolved": "https://registry.npmjs.org/@fugood/dns-sd/-/dns-sd-0.1.0.tgz",
      "integrity": "sha512-xYG28X7BeOeG2yLAKqWKrQmkwDvQu1R6giGQjRwxgMQR+k/uqOmy0hxTQBAzkqVIkzoi/0B5E86/leXqaqgPnQ==",
      "license": "MIT",
      "dependencies": {
        "@neon-rs/load": "^0.1.82"
      },
      "optionalDependencies": {
        "@fugood/dns-sd-darwin-arm64": "0.1.0",
        "@fugood/dns-sd-darwin-x64": "0.1.0",
        "@fugood/dns-sd-linux-arm64-gnu": "0.1.0",
        "@fugood/dns-sd-linux-x64-gnu": "0.1.0",
        "@fugood/dns-sd-win32-arm64-msvc": "0.1.0",
        "@fugood/dns-sd-win32-x64-msvc": "0.1.0"
      }
    },
    "node_modules/@fugood/dns-sd-darwin-arm64": {
      "version": "0.1.0",
      "resolved": "https://registry.npmjs.org/@fugood/dns-sd-darwin-arm64/-/dns-sd-darwin-arm64-0.1.0.tgz",
      "integrity": "sha512-X2FNwyvB3qwMuGcxVdEJlrDV3ThrAkMRCiwbe2qKSOq+CAqua0LVJ6cl03iBK0rnSLfhK5X76Z3KbrIp6HWD4w==",
      "cpu": [
        "arm64"
      ],
      "license": "MIT",
      "optional": true,
      "os": [
        "darwin"
      ]
    },
    "node_modules/@fugood/dns-sd-darwin-x64": {
      "version": "0.1.0",
      "resolved": "https://registry.npmjs.org/@fugood/dns-sd-darwin-x64/-/dns-sd-darwin-x64-0.1.0.tgz",
      "integrity": "sha512-rVRSmaMQmdYetYkvhjq3a1EXzfIIl5lRq14HCOFHg/lERqwp6sYKyBtHQJCc5882bQUyc93bkhOmk8kCHuzxAA==",
      "cpu": [
        "x64"
      ],
      "license": "MIT",
      "optional": true,
      "os": [
        "darwin"
      ]
    },
    "node_modules/@fugood/dns-sd-linux-arm64-gnu": {
      "version": "0.1.0",
      "resolved": "https://registry.npmjs.org/@fugood/dns-sd-linux-arm64-gnu/-/dns-sd-linux-arm64-gnu-0.1.0.tgz",
      "integrity": "sha512-WEvKQmL5o2BvB5CxRZpktyvl3Ivi8jNxgyFwq6QNwVk0iX/bdMmvZzaBCG2fYi6h1djoURntLDhEuyi3NvHHlg==",
      "cpu": [
        "arm64"
      ],
      "license": "MIT",
      "optional": true,
      "os": [
        "linux"
      ]
    },
    "node_modules/@fugood/dns-sd-linux-x64-gnu": {
      "version": "0.1.0",
      "resolved": "https://registry.npmjs.org/@fugood/dns-sd-linux-x64-gnu/-/dns-sd-linux-x64-gnu-0.1.0.tgz",
      "integrity": "sha512-NUNidgaKZriQHxgwbC6OOBvRZsY+Jef5DTCvrO2eaB9mPpgh9wohaGG5mch6X5nxlRnMNIlGmTUK92w1Px6gnA==",
      "cpu": [
        "x64"
      ],
      "license": "MIT",
      "optional": true,
      "os": [
        "linux"
      ]
    },
    "node_modules/@fugood/dns-sd-win32-arm64-msvc": {
      "version": "0.1.0",
      "resolved": "https://registry.npmjs.org/@fugood/dns-sd-win32-arm64-msvc/-/dns-sd-win32-arm64-msvc-0.1.0.tgz",
      "integrity": "sha512-Nk1YCt5NCZLSsrMK7PaI5+lCgRgYBuwOMCD5etKWtfLfMOHvPZSSIEeu5o6fI1Ddg+9CTnJHdgBMOkdGcc+fgA==",
      "cpu": [
        "arm64"
      ],
      "license": "MIT",
      "optional": true,
      "os": [
        "win32"
      ]
    },
    "node_modules/@fugood/dns-sd-win32-x64-msvc": {
      "version": "0.1.0",
      "resolved": "https://registry.npmjs.org/@fugood/dns-sd-win32-x64-msvc/-/dns-sd-win32-x64-msvc-0.1.0.tgz",
      "integrity": "sha512-w+PH+XCqeLzOwm1ct08Il06CCNglADDJEjXM8N3q74A9ZrcXISH4C9tbgukuSANbPx/QQvRzlj2gVL+D6iBimg==",
      "cpu": [
        "x64"
      ],
      "license": "MIT",
      "optional": true,
      "os": [
        "win32"
      ]
    },
    "node_modules/@neon-rs/load": {
      "version": "0.1.82",
      "resolved": "https://registry.npmjs.org/@neon-rs/load/-/load-0.1.82.tgz",
      "integrity": "sha512-H4Gu2o5kPp+JOEhRrOQCnJnf7X6sv9FBLttM/wSbb4efsgFWeHzfU/ItZ01E5qqEk+U6QGdeVO7lxXIAtYHr5A==",
      "license": "MIT"
    }
  },
  "dependencies": {
    "@fugood/dns-sd": {
      "version": "0.1.0",
      "resolved": "https://registry.npmjs.org/@fugood/dns-sd/-/dns-sd-0.1.0.tgz",
      "integrity": "sha512-xYG28X7BeOeG2yLAKqWKrQmkwDvQu1R6giGQjRwxgMQR+k/uqOmy0hxTQBAzkqVIkzoi/0B5E86/leXqaqgPnQ==",
      "requires": {
        "@fugood/dns-sd-darwin-arm64": "0.1.0",
        "@fugood/dns-sd-darwin-x64": "0.1.0",
        "@fugood/dns-sd-linux-arm64-gnu": "0.1.0",
        "@fugood/dns-sd-linux-x64-gnu": "0.1.0",
        "@fugood/dns-sd-win32-arm64-msvc": "0.1.0",
        "@fugood/dns-sd-win32-x64-msvc": "0.1.0",
        "@neon-rs/load": "^0.1.82"
      }
    },
    "@fugood/dns-sd-darwin-arm64": {
      "version": "0.1.0",
      "resolved": "https://registry.npmjs.org/@fugood/dns-sd-darwin-arm64/-/dns-sd-darwin-arm64-0.1.0.tgz",
      "integrity": "sha512-X2FNwyvB3qwMuGcxVdEJlrDV3ThrAkMRCiwbe2qKSOq+CAqua0LVJ6cl03iBK0rnSLfhK5X76Z3KbrIp6HWD4w==",
      "optional": true
    },
    "@fugood/dns-sd-darwin-x64": {
      "version": "0.1.0",
      "resolved": "https://registry.npmjs.org/@fugood/dns-sd-darwin-x64/-/dns-sd-darwin-x64-0.1.0.tgz",
      "integrity": "sha512-rVRSmaMQmdYetYkvhjq3a1EXzfIIl5lRq14HCOFHg/lERqwp6sYKyBtHQJCc5882bQUyc93bkhOmk8kCHuzxAA==",
      "optional": true
    },
    "@fugood/dns-sd-linux-arm64-gnu": {
      "version": "0.1.0",
      "resolved": "https://registry.npmjs.org/@fugood/dns-sd-linux-arm64-gnu/-/dns-sd-linux-arm64-gnu-0.1.0.tgz",
      "integrity": "sha512-WEvKQmL5o2BvB5CxRZpktyvl3Ivi8jNxgyFwq6QNwVk0iX/bdMmvZzaBCG2fYi6h1djoURntLDhEuyi3NvHHlg==",
      "optional": true
    },
    "@fugood/dns-sd-linux-x64-gnu": {
      "version": "0.1.0",
      "resolved": "https://registry.npmjs.org/@fugood/dns-sd-linux-x64-gnu/-/dns-sd-linux-x64-gnu-0.1.0.tgz",
      "integrity": "sha512-NUNidgaKZriQHxgwbC6OOBvRZsY+Jef5DTCvrO2eaB9mPpgh9wohaGG5mch6X5nxlRnMNIlGmTUK92w1Px6gnA==",
      "optional": true
    },
    "@fugood/dns-sd-win32-arm64-msvc": {
      "version": "0.1.0",
      "resolved": "https://registry.npmjs.org/@fugood/dns-sd-win32-arm64-msvc/-/dns-sd-win32-arm64-msvc-0.1.0.tgz",
      "integrity": "sha512-Nk1YCt5NCZLSsrMK7PaI5+lCgRgYBuwOMCD5etKWtfLfMOHvPZSSIEeu5o6fI1Ddg+9CTnJHdgBMOkdGcc+fgA==",
      "optional": true
    },
    "@fugood/dns-sd-win32-x64-msvc": {
      "version": "0.1.0",
      "resolved": "https://registry.npmjs.org/@fugood/dns-sd-win32-x64-msvc/-/dns-sd-win32-x64-msvc-0.1.0.tgz",
      "integrity": "sha512-w+PH+XCqeLzOwm1ct08Il06CCNglADDJEjXM8N3q74A9ZrcXISH4C9tbgukuSANbPx/QQvRzlj2gVL+D6iBimg==",
      "optional": true
    },
    "@neon-rs/load": {
      "version": "0.1.82",
      "resolved": "https://registry.npmjs.org/@neon-rs/load/-/load-0.1.82.tgz",
      "integrity": "sha512-H4Gu2o5kPp+JOEhRrOQCnJnf7X6sv9FBLttM/wSbb4efsgFWeHzfU/ItZ01E5qqEk+U6QGdeVO7lxXIAtYHr5A=="
    }
  }
}
